Microsoft Visual Studio Solution File, Format Version 12.00
# Visual Studio Version 17
VisualStudioVersion = 17.5.2.0
MinimumVisualStudioVersion = 10.0.40219.1
Project("{FAE04EC0-301F-11D3-BF4B-00C04F79EFBC}") = "Franz.Common", "Franz.Common.csproj", "{21098D73-21F0-5A5F-E28A-50FA4F4B1A44}"
EndProject
Global
	GlobalSection(SolutionConfigurationPlatforms) = preSolution
		Debug|Any CPU = Debug|Any CPU
		Release|Any CPU = Release|Any CPU
	EndGlobalSection
	GlobalSection(ProjectConfigurationPlatforms) = postSolution
		{21098D73-21F0-5A5F-E28A-50FA4F4B1A44}.Debug|Any CPU.ActiveCfg = Debug|Any CPU
		{21098D73-21F0-5A5F-E28A-50FA4F4B1A44}.Debug|Any CPU.Build.0 = Debug|Any CPU
		{21098D73-21F0-5A5F-E28A-50FA4F4B1A44}.Release|Any CPU.ActiveCfg = Release|Any CPU
		{21098D73-21F0-5A5F-E28A-50FA4F4B1A44}.Release|Any CPU.Build.0 = Release|Any CPU
	EndGlobalSection
	GlobalSection(SolutionProperties) = preSolution
		HideSolutionNode = FALSE
	EndGlobalSection
	GlobalSection(ExtensibilityGlobals) = postSolution
		SolutionGuid = {577770C4-D31F-412A-9C82-016AF93F8B3F}
	EndGlobalSection
EndGlobal
